<Solution>
  <Folder Name="/Solution Items/" />
  <Project Path="Instruments/Instruments.csproj" />
  <Project Path="Logging/Logging.csproj" />
  <Project Path="OrderBook/OrderBook.csproj" />
  <Project Path="Orders/Orders.csproj" />
  <Project Path="Tests/Tests.csproj" />
  <Project Path="TradingEngineServer/TradingEngineServer.csproj" />
</Solution>
